
Microsoft Visual Studio Solution File, Format Version 12.00
# Visual Studio Version 17
VisualStudioVersion = 17.2.32519.379
MinimumVisualStudioVersion = 10.0.40219.1
Project("{FAE04EC0-301F-11D3-BF4B-00C04F79EFBC}") = "LabExercise1", "LabExercise1\LabExercise1.csproj", "{D947C849-137D-4D68-9BB8-38555A180952}"
EndProject
Global
	GlobalSection(SolutionConfigurationPlatforms) = preSolution
		Debug|Any CPU = Debug|Any CPU
		Release|Any CPU = Release|Any CPU
	EndGlobalSection
	GlobalSection(ProjectConfigurationPlatforms) = postSolution
		{D947C849-137D-4D68-9BB8-38555A180952}.Debug|Any CPU.ActiveCfg = Debug|Any CPU
		{D947C849-137D-4D68-9BB8-38555A180952}.Debug|Any CPU.Build.0 = Debug|Any CPU
		{D947C849-137D-4D68-9BB8-38555A180952}.Release|Any CPU.ActiveCfg = Release|Any CPU
		{D947C849-137D-4D68-9BB8-38555A180952}.Release|Any CPU.Build.0 = Release|Any CPU
	EndGlobalSection
	GlobalSection(SolutionProperties) = preSolution
		HideSolutionNode = FALSE
	EndGlobalSection
	GlobalSection(ExtensibilityGlobals) = postSolution
		SolutionGuid = {0C18A1E2-72D7-4A9A-9069-0B5B3E22F307}
	EndGlobalSection
EndGlobal
